
Microsoft Visual Studio Solution File, Format Version 12.00
# Visual Studio 15
VisualStudioVersion = 15.0.28010.2046
MinimumVisualStudioVersion = 10.0.40219.1
Project("{FAE04EC0-301F-11D3-BF4B-00C04F79EFBC}") = "ReverseIt", "ReverseIt\ReverseIt.csproj", "{7CC8D20C-0AD7-4BCB-B5EB-2FA512D4DDE8}"
EndProject
Global
	GlobalSection(SolutionConfigurationPlatforms) = preSolution
		Debug|Any CPU = Debug|Any CPU
		Release|Any CPU = Release|Any CPU
	EndGlobalSection
	GlobalSection(ProjectConfigurationPlatforms) = postSolution
		{7CC8D20C-0AD7-4BCB-B5EB-2FA512D4DDE8}.Debug|Any CPU.ActiveCfg = Debug|Any CPU
		{7CC8D20C-0AD7-4BCB-B5EB-2FA512D4DDE8}.Debug|Any CPU.Build.0 = Debug|Any CPU
		{7CC8D20C-0AD7-4BCB-B5EB-2FA512D4DDE8}.Release|Any CPU.ActiveCfg = Release|Any CPU
		{7CC8D20C-0AD7-4BCB-B5EB-2FA512D4DDE8}.Release|Any CPU.Build.0 = Release|Any CPU
	EndGlobalSection
	GlobalSection(SolutionProperties) = preSolution
		HideSolutionNode = FALSE
	EndGlobalSection
	GlobalSection(ExtensibilityGlobals) = postSolution
		SolutionGuid = {05E93347-B198-4319-81D0-4461E8EC63CF}
	EndGlobalSection
EndGlobal
